
Microsoft Visual Studio Solution File, Format Version 12.00
# Visual Studio Version 17
VisualStudioVersion = 17.4.33205.214
MinimumVisualStudioVersion = 10.0.40219.1
Project("{FAE04EC0-301F-11D3-BF4B-00C04F79EFBC}") = "Collection", "Collection\Collection.csproj", "{A7CAE919-5208-4C8F-AD0A-A9CE8728BE5E}"
EndProject
Project("{FAE04EC0-301F-11D3-BF4B-00C04F79EFBC}") = "Collection.UnitTests", "Collection.UnitTests\Collection.UnitTests.csproj", "{F0EFFC57-0594-4BB6-B599-556AF39112F9}"
EndProject
Global
	GlobalSection(SolutionConfigurationPlatforms) = preSolution
		Debug|Any CPU = Debug|Any CPU
		Release|Any CPU = Release|Any CPU
	EndGlobalSection
	GlobalSection(ProjectConfigurationPlatforms) = postSolution
		{A7CAE919-5208-4C8F-AD0A-A9CE8728BE5E}.Debug|Any CPU.ActiveCfg = Debug|Any CPU
		{A7CAE919-5208-4C8F-AD0A-A9CE8728BE5E}.Debug|Any CPU.Build.0 = Debug|Any CPU
		{A7CAE919-5208-4C8F-AD0A-A9CE8728BE5E}.Release|Any CPU.ActiveCfg = Release|Any CPU
		{A7CAE919-5208-4C8F-AD0A-A9CE8728BE5E}.Release|Any CPU.Build.0 = Release|Any CPU
		{F0EFFC57-0594-4BB6-B599-556AF39112F9}.Debug|Any CPU.ActiveCfg = Debug|Any CPU
		{F0EFFC57-0594-4BB6-B599-556AF39112F9}.Debug|Any CPU.Build.0 = Debug|Any CPU
		{F0EFFC57-0594-4BB6-B599-556AF39112F9}.Release|Any CPU.ActiveCfg = Release|Any CPU
		{F0EFFC57-0594-4BB6-B599-556AF39112F9}.Release|Any CPU.Build.0 = Release|Any CPU
	EndGlobalSection
	GlobalSection(SolutionProperties) = preSolution
		HideSolutionNode = FALSE
	EndGlobalSection
	GlobalSection(ExtensibilityGlobals) = postSolution
		SolutionGuid = {6F8016EE-45F8-4D1E-B089-A8AF661F8282}
	EndGlobalSection
EndGlobal
